<?xml version="1.0" encoding="utf-8"?>
<Project ToolsVersion="4.0" xmlns="http://schemas.microsoft.com/developer/msbuild/2003">
  <ItemGroup>
    <Filter Include="ソース ファイル">
      <UniqueIdentifier>{4FC737F1-C7A5-4376-A066-2A32D752A2FF}</UniqueIdentifier>
      <Extensions>cpp;c;cc;cxx;c++;cppm;ixx;def;odl;idl;hpj;bat;asm;asmx</Extensions>
    </Filter>
    <Filter Include="ヘッダー ファイル">
      <UniqueIdentifier>{93995380-89BD-4b04-88EB-625FBE52EBFB}</UniqueIdentifier>
      <Extensions>h;hh;hpp;hxx;h++;hm;inl;inc;ipp;xsd</Extensions>
    </Filter>
    <Filter Include="リソース ファイル">
      <UniqueIdentifier>{67DA6AB6-F800-4c08-8B7A-83BB121AAD01}</UniqueIdentifier>
      <Extensions>rc;ico;cur;bmp;dlg;rc2;rct;bin;rgs;gif;jpg;jpeg;jpe;resx;tiff;tif;png;wav;mfcribbon-ms</Extensions>
    </Filter>
    <Filter Include="Input">
      <UniqueIdentifier>{c50fcbf8-6328-4b9d-803e-7c2a93cdc74a}</UniqueIdentifier>
    </Filter>
    <Filter Include="Vector">
      <UniqueIdentifier>{cc23c192-00c0-4b25-9a74-5b137ff25dc2}</UniqueIdentifier>
    </Filter>
    <Filter Include="NumberFont">
      <UniqueIdentifier>{6d5de77a-aba9-40d8-b994-6894d4c1284b}</UniqueIdentifier>
    </Filter>
    <Filter Include="Shapes">
      <UniqueIdentifier>{a18cea43-24b6-48b7-ac4b-cba3efc5a98f}</UniqueIdentifier>
    </Filter>
    <Filter Include="FrameRate">
      <UniqueIdentifier>{bd109622-d1f2-4b79-b632-8ffee1550452}</UniqueIdentifier>
    </Filter>
    <Filter Include="Scene">
      <UniqueIdentifier>{0bb086b4-9c71-42a4-994e-b7f216c1046b}</UniqueIdentifier>
    </Filter>
    <Filter Include="Score">
      <UniqueIdentifier>{95ab3155-2688-413b-926d-aa1c01c29822}</UniqueIdentifier>
    </Filter>
    <Filter Include="Score\ScoreManager">
      <UniqueIdentifier>{743ab1a1-9af4-49cf-812d-34b1a85161b8}</UniqueIdentifier>
    </Filter>
    <Filter Include="Interval">
      <UniqueIdentifier>{87090e6f-2f8c-4dd1-8bbc-8b35cddc7646}</UniqueIdentifier>
    </Filter>
    <Filter Include="MiniGame">
      <UniqueIdentifier>{16210e48-476d-4569-af1c-350077c1162b}</UniqueIdentifier>
    </Filter>
    <Filter Include="MiniGame\MiniGameBase">
      <UniqueIdentifier>{b4a014be-97ca-4154-999b-1d005e5884cb}</UniqueIdentifier>
    </Filter>
    <Filter Include="MiniGame\MiniGameManager">
      <UniqueIdentifier>{37fa23f3-862a-4fde-b89c-0ff5c3937edb}</UniqueIdentifier>
    </Filter>
    <Filter Include="Score\Score">
      <UniqueIdentifier>{75ecd360-9365-4443-b5b2-8bbdb0b4b4bd}</UniqueIdentifier>
    </Filter>
    <Filter Include="GameState">
      <UniqueIdentifier>{9a719b49-da41-440e-81bd-ba3192f774dd}</UniqueIdentifier>
    </Filter>
    <Filter Include="Sound">
      <UniqueIdentifier>{e6e12dfd-7b69-4a38-9be5-581f00bd104d}</UniqueIdentifier>
    </Filter>
    <Filter Include="MiniGame\MiniGame_shuu">
      <UniqueIdentifier>{f172cd30-03cc-4f33-b194-6790ebe1e480}</UniqueIdentifier>
    </Filter>
    <Filter Include="MiniGame\MiniGame_shuu\SearchGame">
      <UniqueIdentifier>{b5060780-2b5d-433e-8b7a-c7ab7bcef613}</UniqueIdentifier>
    </Filter>
  </ItemGroup>
  <ItemGroup>
    <ClCompile Include="src\Main.cpp">
      <Filter>ソース ファイル</Filter>
    </ClCompile>
    <ClCompile Include="Src\Nishiyama\FrameRate\FrameRate.cpp">
      <Filter>FrameRate</Filter>
    </ClCompile>
    <ClCompile Include="Src\Nishiyama\Input\Input.cpp">
      <Filter>Input</Filter>
    </ClCompile>
    <ClCompile Include="Src\Nishiyama\NumberFont\NumberFont.cpp">
      <Filter>NumberFont</Filter>
    </ClCompile>
    <ClCompile Include="Src\Nishiyama\Scene\Scene.cpp">
      <Filter>Scene</Filter>
    </ClCompile>
    <ClCompile Include="Src\Nishiyama\Scene\ScenePlay.cpp">
      <Filter>Scene</Filter>
    </ClCompile>
    <ClCompile Include="Src\Nishiyama\Scene\SceneResult.cpp">
      <Filter>Scene</Filter>
    </ClCompile>
    <ClCompile Include="Src\Nishiyama\Scene\SceneTitle.cpp">
      <Filter>Scene</Filter>
    </ClCompile>
    <ClCompile Include="Src\Nishiyama\Shapes\Shapes.cpp">
      <Filter>Shapes</Filter>
    </ClCompile>
    <ClCompile Include="Src\Nishiyama\Vector\Vector.cpp">
      <Filter>Vector</Filter>
    </ClCompile>
    <ClCompile Include="Src\Nishiyama\Score\ScoreManager\ScoreManager.cpp">
      <Filter>Score\ScoreManager</Filter>
    </ClCompile>
    <ClCompile Include="Src\Nishiyama\Interval\Interval.cpp">
      <Filter>Interval</Filter>
    </ClCompile>
    <ClCompile Include="Src\Nishiyama\MiniGame\MiniGameManager\MiniGameManager.cpp">
      <Filter>MiniGame\MiniGameManager</Filter>
    </ClCompile>
    <ClCompile Include="Src\Nishiyama\MiniGame\MiniGameBase\MiniGameBase.cpp">
      <Filter>MiniGame\MiniGameBase</Filter>
    </ClCompile>
    <ClCompile Include="Src\Nishiyama\Score\Score\Score.cpp">
      <Filter>Score\Score</Filter>
    </ClCompile>
    <ClCompile Include="Src\Nishiyama\Sound\Sound.cpp">
      <Filter>Sound</Filter>
    </ClCompile>
    <ClCompile Include="Src\Nishiyama\MiniGame\MiniGame_shuu\SearchGame\SearchGame.cpp">
      <Filter>MiniGame\MiniGame_shuu\SearchGame</Filter>
    </ClCompile>
  </ItemGroup>
  <ItemGroup>
    <ClInclude Include="Src\Common.h">
      <Filter>ヘッダー ファイル</Filter>
    </ClInclude>
    <ClInclude Include="Src\Nishiyama\FrameRate\FrameRate.h">
      <Filter>FrameRate</Filter>
    </ClInclude>
    <ClInclude Include="Src\Nishiyama\Input\Input.h">
      <Filter>Input</Filter>
    </ClInclude>
    <ClInclude Include="Src\Nishiyama\NumberFont\NumberFont.h">
      <Filter>NumberFont</Filter>
    </ClInclude>
    <ClInclude Include="Src\Nishiyama\NumberFont\NumberFontData.h">
      <Filter>NumberFont</Filter>
    </ClInclude>
    <ClInclude Include="Src\Nishiyama\Scene\Scene.h">
      <Filter>Scene</Filter>
    </ClInclude>
    <ClInclude Include="Src\Nishiyama\Scene\ScenePlay.h">
      <Filter>Scene</Filter>
    </ClInclude>
    <ClInclude Include="Src\Nishiyama\Scene\SceneResult.h">
      <Filter>Scene</Filter>
    </ClInclude>
    <ClInclude Include="Src\Nishiyama\Scene\SceneTitle.h">
      <Filter>Scene</Filter>
    </ClInclude>
    <ClInclude Include="Src\Nishiyama\Shapes\Shapes.h">
      <Filter>Shapes</Filter>
    </ClInclude>
    <ClInclude Include="Src\Nishiyama\Vector\Vector.h">
      <Filter>Vector</Filter>
    </ClInclude>
    <ClInclude Include="Src\Nishiyama\Score\ScoreManager\ScoreManager.h">
      <Filter>Score\ScoreManager</Filter>
    </ClInclude>
    <ClInclude Include="Src\Nishiyama\Interval\Interval.h">
      <Filter>Interval</Filter>
    </ClInclude>
    <ClInclude Include="Src\Nishiyama\MiniGame\MiniGameManager\MiniGameManager.h">
      <Filter>MiniGame\MiniGameManager</Filter>
    </ClInclude>
    <ClInclude Include="Src\Nishiyama\MiniGame\MiniGameBase\MiniGameBase.h">
      <Filter>MiniGame\MiniGameBase</Filter>
    </ClInclude>
    <ClInclude Include="Src\Nishiyama\Score\Score\Score.h">
      <Filter>Score\Score</Filter>
    </ClInclude>
    <ClInclude Include="Src\Nishiyama\GameState\GameState.h">
      <Filter>GameState</Filter>
    </ClInclude>
    <ClInclude Include="Src\Nishiyama\Sound\Sound.h">
      <Filter>Sound</Filter>
    </ClInclude>
    <ClInclude Include="Src\Nishiyama\MiniGame\MiniGame_shuu\SearchGame\SearchGame.h">
      <Filter>MiniGame\MiniGame_shuu\SearchGame</Filter>
    </ClInclude>
  </ItemGroup>
</Project>