<?xml version="1.0" encoding="utf-8"?>
<Project ToolsVersion="4.0" xmlns="http://schemas.microsoft.com/developer/msbuild/2003">
  <ItemGroup>
    <Filter Include="ソース ファイル">
      <UniqueIdentifier>{4FC737F1-C7A5-4376-A066-2A32D752A2FF}</UniqueIdentifier>
      <Extensions>cpp;c;cc;cxx;c++;cppm;ixx;def;odl;idl;hpj;bat;asm;asmx</Extensions>
    </Filter>
    <Filter Include="ヘッダー ファイル">
      <UniqueIdentifier>{93995380-89BD-4b04-88EB-625FBE52EBFB}</UniqueIdentifier>
      <Extensions>h;hh;hpp;hxx;h++;hm;inl;inc;ipp;xsd</Extensions>
    </Filter>
    <Filter Include="リソース ファイル">
      <UniqueIdentifier>{67DA6AB6-F800-4c08-8B7A-83BB121AAD01}</UniqueIdentifier>
      <Extensions>rc;ico;cur;bmp;dlg;rc2;rct;bin;rgs;gif;jpg;jpeg;jpe;resx;tiff;tif;png;wav;mfcribbon-ms</Extensions>
    </Filter>
    <Filter Include="Input">
      <UniqueIdentifier>{c50fcbf8-6328-4b9d-803e-7c2a93cdc74a}</UniqueIdentifier>
    </Filter>
    <Filter Include="Vector">
      <UniqueIdentifier>{cc23c192-00c0-4b25-9a74-5b137ff25dc2}</UniqueIdentifier>
    </Filter>
    <Filter Include="NumberFont">
      <UniqueIdentifier>{6d5de77a-aba9-40d8-b994-6894d4c1284b}</UniqueIdentifier>
    </Filter>
    <Filter Include="Shapes">
      <UniqueIdentifier>{a18cea43-24b6-48b7-ac4b-cba3efc5a98f}</UniqueIdentifier>
    </Filter>
    <Filter Include="FrameRate">
      <UniqueIdentifier>{bd109622-d1f2-4b79-b632-8ffee1550452}</UniqueIdentifier>
    </Filter>
    <Filter Include="Scene">
      <UniqueIdentifier>{0bb086b4-9c71-42a4-994e-b7f216c1046b}</UniqueIdentifier>
    </Filter>
  </ItemGroup>
  <ItemGroup>
    <ClCompile Include="src\Main.cpp">
      <Filter>ソース ファイル</Filter>
    </ClCompile>
    <ClCompile Include="Src\Nishi\NumberFont\NumberFont.cpp">
      <Filter>NumberFont</Filter>
    </ClCompile>
    <ClCompile Include="Src\Nishi\Shapes\Shapes.cpp">
      <Filter>Shapes</Filter>
    </ClCompile>
    <ClCompile Include="Src\Nishi\Input\Input.cpp">
      <Filter>Input</Filter>
    </ClCompile>
    <ClCompile Include="Src\Nishi\Vector\Vector.cpp">
      <Filter>Vector</Filter>
    </ClCompile>
    <ClCompile Include="Src\Nishi\FrameRate\FrameRate.cpp">
      <Filter>FrameRate</Filter>
    </ClCompile>
    <ClCompile Include="Src\Nishi\Scene\Scene.cpp">
      <Filter>Scene</Filter>
    </ClCompile>
    <ClCompile Include="Src\Nishi\Scene\ScenePlay.cpp">
      <Filter>Scene</Filter>
    </ClCompile>
    <ClCompile Include="Src\Nishi\Scene\SceneResult.cpp">
      <Filter>Scene</Filter>
    </ClCompile>
    <ClCompile Include="Src\Nishi\Scene\SceneTitle.cpp">
      <Filter>Scene</Filter>
    </ClCompile>
  </ItemGroup>
  <ItemGroup>
    <ClInclude Include="Src\Common.h">
      <Filter>ヘッダー ファイル</Filter>
    </ClInclude>
    <ClInclude Include="Src\Nishi\NumberFont\NumberFont.h">
      <Filter>NumberFont</Filter>
    </ClInclude>
    <ClInclude Include="Src\Nishi\NumberFont\NumberFontData.h">
      <Filter>NumberFont</Filter>
    </ClInclude>
    <ClInclude Include="Src\Nishi\Shapes\Shapes.h">
      <Filter>Shapes</Filter>
    </ClInclude>
    <ClInclude Include="Src\Nishi\Input\Input.h">
      <Filter>Input</Filter>
    </ClInclude>
    <ClInclude Include="Src\Nishi\Vector\Vector.h">
      <Filter>Vector</Filter>
    </ClInclude>
    <ClInclude Include="Src\Nishi\FrameRate\FrameRate.h">
      <Filter>FrameRate</Filter>
    </ClInclude>
    <ClInclude Include="Src\Nishi\Scene\Scene.h">
      <Filter>Scene</Filter>
    </ClInclude>
    <ClInclude Include="Src\Nishi\Scene\ScenePlay.h">
      <Filter>Scene</Filter>
    </ClInclude>
    <ClInclude Include="Src\Nishi\Scene\SceneResult.h">
      <Filter>Scene</Filter>
    </ClInclude>
    <ClInclude Include="Src\Nishi\Scene\SceneTitle.h">
      <Filter>Scene</Filter>
    </ClInclude>
  </ItemGroup>
</Project>